<?xml version="1.0" encoding="utf-8"?>
<Project ToolsVersion="4.0" xmlns="http://schemas.microsoft.com/developer/msbuild/2003">
  <ItemGroup>
    <Filter Include="Source Files">
      <UniqueIdentifier>{4FC737F1-C7A5-4376-A066-2A32D752A2FF}</UniqueIdentifier>
      <Extensions>cpp;c;cc;cxx;c++;def;odl;idl;hpj;bat;asm;asmx</Extensions>
    </Filter>
    <Filter Include="Header Files">
      <UniqueIdentifier>{93995380-89BD-4b04-88EB-625FBE52EBFB}</UniqueIdentifier>
      <Extensions>h;hh;hpp;hxx;h++;hm;inl;inc;ipp;xsd</Extensions>
    </Filter>
    <Filter Include="Resource Files">
      <UniqueIdentifier>{67DA6AB6-F800-4c08-8B7A-83BB121AAD01}</UniqueIdentifier>
      <Extensions>rc;ico;cur;bmp;dlg;rc2;rct;bin;rgs;gif;jpg;jpeg;jpe;resx;tiff;tif;png;wav;mfcribbon-ms</Extensions>
    </Filter>
    <Filter Include="Header Files\Entities">
      <UniqueIdentifier>{f4ecdd36-21cd-41f1-960e-909105661dea}</UniqueIdentifier>
    </Filter>
    <Filter Include="Source Files\Entities">
      <UniqueIdentifier>{a9e5fc60-b8ec-4db6-b0d0-328fc6d3117b}</UniqueIdentifier>
    </Filter>
    <Filter Include="Header Files\Entities\Attributes">
      <UniqueIdentifier>{468c4240-ddc7-45cb-afce-08159631d789}</UniqueIdentifier>
    </Filter>
    <Filter Include="Source Files\Entities\Attributes">
      <UniqueIdentifier>{b06bda40-5517-4ed1-a936-4583a604a415}</UniqueIdentifier>
    </Filter>
  </ItemGroup>
  <ItemGroup>
    <ClCompile Include="src\engine.cpp">
      <Filter>Source Files</Filter>
    </ClCompile>
    <ClCompile Include="src\main.cpp">
      <Filter>Source Files</Filter>
    </ClCompile>
    <ClCompile Include="src\entities-source\entity.cpp">
      <Filter>Source Files\Entities</Filter>
    </ClCompile>
    <ClCompile Include="src\entities-source\map.cpp">
      <Filter>Source Files\Entities</Filter>
    </ClCompile>
    <ClCompile Include="src\entities-source\position.cpp">
      <Filter>Source Files\Entities</Filter>
    </ClCompile>
    <ClCompile Include="src\entities-source\tile.cpp">
      <Filter>Source Files\Entities</Filter>
    </ClCompile>
    <ClCompile Include="src\render.cpp">
      <Filter>Source Files</Filter>
    </ClCompile>
    <ClCompile Include="src\message.cpp">
      <Filter>Source Files</Filter>
    </ClCompile>
    <ClCompile Include="src\playerinput.cpp">
      <Filter>Source Files</Filter>
    </ClCompile>
    <ClCompile Include="src\entities-source\player.cpp">
      <Filter>Source Files\Entities</Filter>
    </ClCompile>
    <ClCompile Include="src\entities-source\engimon.cpp">
      <Filter>Source Files\Entities</Filter>
    </ClCompile>
    <ClCompile Include="src\entities-source\attributes\skill.cpp">
      <Filter>Source Files\Entities\Attributes</Filter>
    </ClCompile>
    <ClCompile Include="src\skilldatabase.cpp">
      <Filter>Source Files</Filter>
    </ClCompile>
    <ClCompile Include="src\entities-source\species.cpp">
      <Filter>Source Files\Entities</Filter>
    </ClCompile>
    <ClCompile Include="src\speciesdatabase.cpp">
      <Filter>Source Files</Filter>
    </ClCompile>
    <ClCompile Include="src\battle.cpp">
      <Filter>Source Files</Filter>
    </ClCompile>
    <ClCompile Include="src\breeding.cpp">
      <Filter>Source Files</Filter>
    </ClCompile>
    <ClCompile Include="src\engimoninteraction.cpp">
      <Filter>Source Files</Filter>
    </ClCompile>
  </ItemGroup>
  <ItemGroup>
    <ClInclude Include="src\header\config.hpp">
      <Filter>Header Files</Filter>
    </ClInclude>
    <ClInclude Include="src\header\engine.hpp">
      <Filter>Header Files</Filter>
    </ClInclude>
    <ClInclude Include="src\header\entities\entity.hpp">
      <Filter>Header Files\Entities</Filter>
    </ClInclude>
    <ClInclude Include="src\header\entities\map.hpp">
      <Filter>Header Files\Entities</Filter>
    </ClInclude>
    <ClInclude Include="src\header\entities\position.hpp">
      <Filter>Header Files\Entities</Filter>
    </ClInclude>
    <ClInclude Include="src\header\entities\tile.hpp">
      <Filter>Header Files\Entities</Filter>
    </ClInclude>
    <ClInclude Include="src\header\render.hpp">
      <Filter>Header Files</Filter>
    </ClInclude>
    <ClInclude Include="src\header\message.hpp">
      <Filter>Header Files</Filter>
    </ClInclude>
    <ClInclude Include="src\header\entities\attributes\skill.hpp">
      <Filter>Header Files\Entities\Attributes</Filter>
    </ClInclude>
    <ClInclude Include="src\header\entities\attributes\elementtype.hpp">
      <Filter>Header Files\Entities\Attributes</Filter>
    </ClInclude>
    <ClInclude Include="src\header\skilldatabase.hpp">
      <Filter>Header Files</Filter>
    </ClInclude>
    <ClInclude Include="src\header\playerinput.hpp">
      <Filter>Header Files</Filter>
    </ClInclude>
    <ClInclude Include="src\header\entities\player.hpp">
      <Filter>Header Files\Entities</Filter>
    </ClInclude>
    <ClInclude Include="src\header\entities\species.hpp">
      <Filter>Header Files\Entities</Filter>
    </ClInclude>
    <ClInclude Include="src\header\speciesdatabase.hpp">
      <Filter>Header Files</Filter>
    </ClInclude>
    <ClInclude Include="src\header\engimoninteraction.hpp">
      <Filter>Header Files</Filter>
    </ClInclude>
  </ItemGroup>
  <ItemGroup>
    <None Include="src\header\database">
      <Filter>Header Files</Filter>
    </None>
  </ItemGroup>
</Project>